<?xml version="1.0" encoding="utf-8"?>
<Project ToolsVersion="4.0" xmlns="http://schemas.microsoft.com/developer/msbuild/2003">
  <ItemGroup>
    <Filter Include="소스 파일">
      <UniqueIdentifier>{4FC737F1-C7A5-4376-A066-2A32D752A2FF}</UniqueIdentifier>
      <Extensions>cpp;c;cc;cxx;c++;cppm;ixx;def;odl;idl;hpj;bat;asm;asmx</Extensions>
    </Filter>
    <Filter Include="헤더 파일">
      <UniqueIdentifier>{93995380-89BD-4b04-88EB-625FBE52EBFB}</UniqueIdentifier>
      <Extensions>h;hh;hpp;hxx;h++;hm;inl;inc;ipp;xsd</Extensions>
    </Filter>
    <Filter Include="리소스 파일">
      <UniqueIdentifier>{67DA6AB6-F800-4c08-8B7A-83BB121AAD01}</UniqueIdentifier>
      <Extensions>rc;ico;cur;bmp;dlg;rc2;rct;bin;rgs;gif;jpg;jpeg;jpe;resx;tiff;tif;png;wav;mfcribbon-ms</Extensions>
    </Filter>
  </ItemGroup>
  <ItemGroup>
    <Image Include="Battery0.bmp">
      <Filter>리소스 파일</Filter>
    </Image>
    <Image Include="Block0.bmp">
      <Filter>리소스 파일</Filter>
    </Image>
    <Image Include="Bullet0.bmp">
      <Filter>리소스 파일</Filter>
    </Image>
    <Image Include="Button0.bmp">
      <Filter>리소스 파일</Filter>
    </Image>
    <Image Include="Goal0.bmp">
      <Filter>리소스 파일</Filter>
    </Image>
    <Image Include="Key0.bmp">
      <Filter>리소스 파일</Filter>
    </Image>
    <Image Include="MovableBlock0.bmp">
      <Filter>리소스 파일</Filter>
    </Image>
    <Image Include="Player0.bmp">
      <Filter>리소스 파일</Filter>
    </Image>
    <Image Include="Player1.bmp">
      <Filter>리소스 파일</Filter>
    </Image>
    <Image Include="Player2.bmp">
      <Filter>리소스 파일</Filter>
    </Image>
    <Image Include="Player3.bmp">
      <Filter>리소스 파일</Filter>
    </Image>
    <Image Include="PlayerJump0.bmp">
      <Filter>리소스 파일</Filter>
    </Image>
    <Image Include="PlayerJump1.bmp">
      <Filter>리소스 파일</Filter>
    </Image>
    <Image Include="Title0.bmp">
      <Filter>리소스 파일</Filter>
    </Image>
    <Image Include="BulletShooter0.bmp">
      <Filter>리소스 파일</Filter>
    </Image>
    <Image Include="Laser0.bmp">
      <Filter>리소스 파일</Filter>
    </Image>
    <Image Include="LaserBlock0.bmp">
      <Filter>리소스 파일</Filter>
    </Image>
  </ItemGroup>
  <ItemGroup>
    <ClCompile Include="Battery.cpp">
      <Filter>소스 파일</Filter>
    </ClCompile>
    <ClCompile Include="Block.cpp">
      <Filter>소스 파일</Filter>
    </ClCompile>
    <ClCompile Include="Bullet.cpp">
      <Filter>소스 파일</Filter>
    </ClCompile>
    <ClCompile Include="BulletShooter.cpp">
      <Filter>소스 파일</Filter>
    </ClCompile>
    <ClCompile Include="Console.cpp">
      <Filter>소스 파일</Filter>
    </ClCompile>
    <ClCompile Include="Controller.cpp">
      <Filter>소스 파일</Filter>
    </ClCompile>
    <ClCompile Include="Goal.cpp">
      <Filter>소스 파일</Filter>
    </ClCompile>
    <ClCompile Include="Key.cpp">
      <Filter>소스 파일</Filter>
    </ClCompile>
    <ClCompile Include="main.cpp">
      <Filter>소스 파일</Filter>
    </ClCompile>
    <ClCompile Include="MovableBlock.cpp">
      <Filter>소스 파일</Filter>
    </ClCompile>
    <ClCompile Include="Player.cpp">
      <Filter>소스 파일</Filter>
    </ClCompile>
    <ClCompile Include="PlayManager.cpp">
      <Filter>소스 파일</Filter>
    </ClCompile>
    <ClCompile Include="Room.cpp">
      <Filter>소스 파일</Filter>
    </ClCompile>
    <ClCompile Include="Sprite.cpp">
      <Filter>소스 파일</Filter>
    </ClCompile>
    <ClCompile Include="SpriteImporter.cpp">
      <Filter>소스 파일</Filter>
    </ClCompile>
    <ClCompile Include="Title.cpp">
      <Filter>소스 파일</Filter>
    </ClCompile>
    <ClCompile Include="View.cpp">
      <Filter>소스 파일</Filter>
    </ClCompile>
    <ClCompile Include="Laser.cpp">
      <Filter>소스 파일</Filter>
    </ClCompile>
    <ClCompile Include="LaserBlock.cpp">
      <Filter>소스 파일</Filter>
    </ClCompile>
  </ItemGroup>
  <ItemGroup>
    <None Include="Utility.inl">
      <Filter>헤더 파일</Filter>
    </None>
    <None Include="Vec2.inl">
      <Filter>헤더 파일</Filter>
    </None>
    <None Include="Room.inl">
      <Filter>헤더 파일</Filter>
    </None>
  </ItemGroup>
  <ItemGroup>
    <ClInclude Include="Battery.hpp">
      <Filter>헤더 파일</Filter>
    </ClInclude>
    <ClInclude Include="Block.hpp">
      <Filter>헤더 파일</Filter>
    </ClInclude>
    <ClInclude Include="Bullet.hpp">
      <Filter>헤더 파일</Filter>
    </ClInclude>
    <ClInclude Include="BulletShooter.hpp">
      <Filter>헤더 파일</Filter>
    </ClInclude>
    <ClInclude Include="Console.hpp">
      <Filter>헤더 파일</Filter>
    </ClInclude>
    <ClInclude Include="Constant.hpp">
      <Filter>헤더 파일</Filter>
    </ClInclude>
    <ClInclude Include="Controller.hpp">
      <Filter>헤더 파일</Filter>
    </ClInclude>
    <ClInclude Include="Goal.hpp">
      <Filter>헤더 파일</Filter>
    </ClInclude>
    <ClInclude Include="Key.hpp">
      <Filter>헤더 파일</Filter>
    </ClInclude>
    <ClInclude Include="MovableBlock.hpp">
      <Filter>헤더 파일</Filter>
    </ClInclude>
    <ClInclude Include="Player.hpp">
      <Filter>헤더 파일</Filter>
    </ClInclude>
    <ClInclude Include="PlayManager.hpp">
      <Filter>헤더 파일</Filter>
    </ClInclude>
    <ClInclude Include="Room.hpp">
      <Filter>헤더 파일</Filter>
    </ClInclude>
    <ClInclude Include="Sprite.hpp">
      <Filter>헤더 파일</Filter>
    </ClInclude>
    <ClInclude Include="SpriteImporter.hpp">
      <Filter>헤더 파일</Filter>
    </ClInclude>
    <ClInclude Include="Title.hpp">
      <Filter>헤더 파일</Filter>
    </ClInclude>
    <ClInclude Include="Utility.hpp">
      <Filter>헤더 파일</Filter>
    </ClInclude>
    <ClInclude Include="Vec2.hpp">
      <Filter>헤더 파일</Filter>
    </ClInclude>
    <ClInclude Include="View.hpp">
      <Filter>헤더 파일</Filter>
    </ClInclude>
    <ClInclude Include="Laser.hpp">
      <Filter>헤더 파일</Filter>
    </ClInclude>
    <ClInclude Include="LaserBlock.hpp">
      <Filter>헤더 파일</Filter>
    </ClInclude>
  </ItemGroup>
</Project>